
Microsoft Visual Studio Solution File, Format Version 12.00
# Visual Studio Version 16
VisualStudioVersion = 16.0.31410.357
MinimumVisualStudioVersion = 10.0.40219.1
Project("{FAE04EC0-301F-11D3-BF4B-00C04F79EFBC}") = "etickets", "etickets.csproj", "{333B4FC5-CD90-439F-AA65-CD079E79EA81}"
EndProject
Global
	GlobalSection(SolutionConfigurationPlatforms) = preSolution
		Debug|Any CPU = Debug|Any CPU
		Release|Any CPU = Release|Any CPU
	EndGlobalSection
	GlobalSection(ProjectConfigurationPlatforms) = postSolution
		{333B4FC5-CD90-439F-AA65-CD079E79EA81}.Debug|Any CPU.ActiveCfg = Debug|Any CPU
		{333B4FC5-CD90-439F-AA65-CD079E79EA81}.Debug|Any CPU.Build.0 = Debug|Any CPU
		{333B4FC5-CD90-439F-AA65-CD079E79EA81}.Release|Any CPU.ActiveCfg = Release|Any CPU
		{333B4FC5-CD90-439F-AA65-CD079E79EA81}.Release|Any CPU.Build.0 = Release|Any CPU
	EndGlobalSection
	GlobalSection(SolutionProperties) = preSolution
		HideSolutionNode = FALSE
	EndGlobalSection
	GlobalSection(ExtensibilityGlobals) = postSolution
		SolutionGuid = {BFADA3BA-5A48-426B-AA64-458DE9E8A65F}
	EndGlobalSection
EndGlobal
